# This file is autogenerated, do not edit; changes may be undone by the next 'dep ensure'.


[[projects]]
  name = "git.aqq.me/go/app"
  packages = [
    ".",
    "appconf",
    "applog",
    "event",
    "launcher"
  ]
  revision = "877a263b0c96dcd62f2cb97fb9ca2817037d1799"
  version = "v1.6.3"

[[projects]]
  name = "github.com/BurntSushi/toml"
  packages = ["."]
  revision = "3012a1dbe2e4bd1391d42b32f0577cb7bbc7f005"
  version = "v0.3.1"

[[projects]]
  name = "github.com/iph0/conf"
  packages = [
    ".",
    "fileconf"
  ]
  revision = "188f0d99c5f922af4da3fd4132a2711160f10253"
  version = "v1.4.2"

[[projects]]
  name = "github.com/iph0/merger"
  packages = ["."]
  revision = "d0a24e95746084d19d9ca6a034947711c3409d00"
  version = "v1.2"

[[projects]]
  name = "github.com/kak-tus/healthcheck"
  packages = ["."]
  revision = "99d185af18c637e123b3d449114f65d6cea50e5e"
  version = "v0.5.2"

[[projects]]
  name = "github.com/mitchellh/mapstructure"
  packages = ["."]
  revision = "3536a929edddb9a5b34bd6861dc4a9647cb459fe"
  version = "v1.1.2"

[[projects]]
  name = "go.uber.org/atomic"
  packages = ["."]
  revision = "1ea20fb1cbb1cc08cbd0d913a96dead89aa18289"
  version = "v1.3.2"

[[projects]]
  name = "go.uber.org/multierr"
  packages = ["."]
  revision = "3c4937480c32f4c13a875a1829af76c98ca3d40a"
  version = "v1.1.0"

[[projects]]
  name = "go.uber.org/zap"
  packages = [
    ".",
    "buffer",
    "internal/bufferpool",
    "internal/color",
    "internal/exit",
    "zapcore"
  ]
  revision = "ff33455a0e382e8a81d14dd7c922020b6b5e7982"
  version = "v1.9.1"

[[projects]]
  name = "gopkg.in/yaml.v2"
  packages = ["."]
  revision = "5420a8b6744d3b0345ab293f6fcba19c978f1183"
  version = "v2.2.1"

[solve-meta]
  analyzer-name = "dep"
  analyzer-version = 1
  inputs-digest = "f3a7cf97c8ceff49a49d472c6ad43899ad09ee21534058669a387b801f96c8b3"
  solver-name = "gps-cdcl"
  solver-version = 1
